
Microsoft Visual Studio Solution File, Format Version 12.00
# Visual Studio Version 17
VisualStudioVersion = 17.14.36717.8 d17.14
MinimumVisualStudioVersion = 10.0.40219.1
Project("{FAE04EC0-301F-11D3-BF4B-00C04F79EFBC}") = "AmmoStats", "AmmoStats.csproj", "{D63631CC-506C-4F7E-A0DF-9CEE5A5D7010}"
EndProject
Global
	GlobalSection(SolutionConfigurationPlatforms) = preSolution
		Debug|Any CPU = Debug|Any CPU
		Release|Any CPU = Release|Any CPU
	EndGlobalSection
	GlobalSection(ProjectConfigurationPlatforms) = postSolution
		{D63631CC-506C-4F7E-A0DF-9CEE5A5D7010}.Debug|Any CPU.ActiveCfg = Debug|Any CPU
		{D63631CC-506C-4F7E-A0DF-9CEE5A5D7010}.Debug|Any CPU.Build.0 = Debug|Any CPU
		{D63631CC-506C-4F7E-A0DF-9CEE5A5D7010}.Release|Any CPU.ActiveCfg = Release|Any CPU
		{D63631CC-506C-4F7E-A0DF-9CEE5A5D7010}.Release|Any CPU.Build.0 = Release|Any CPU
	EndGlobalSection
	GlobalSection(SolutionProperties) = preSolution
		HideSolutionNode = FALSE
	EndGlobalSection
	GlobalSection(ExtensibilityGlobals) = postSolution
		SolutionGuid = {3C663DEF-7895-4B5E-BC50-63EA741F9018}
	EndGlobalSection
EndGlobal
